Microsoft Visual Studio Solution File, Format Version 12.00
# Visual Studio Version 17
VisualStudioVersion = 17.5.2.0
MinimumVisualStudioVersion = 10.0.40219.1
Project("{2150E333-8FDC-42A3-9474-1A3956D46DE8}") = "BidNow_Api", "BidNow_Api", "{15B0087A-851F-C2C4-C6BF-80123E13B763}"
EndProject
Project("{FAE04EC0-301F-11D3-BF4B-00C04F79EFBC}") = "BidNow.API", "BidNow_Api\BidNow.API.csproj", "{733B4640-C994-4FA9-9670-27EBBBEF199B}"
EndProject
Global
	GlobalSection(SolutionConfigurationPlatforms) = preSolution
		Debug|Any CPU = Debug|Any CPU
		Release|Any CPU = Release|Any CPU
	EndGlobalSection
	GlobalSection(ProjectConfigurationPlatforms) = postSolution
		{733B4640-C994-4FA9-9670-27EBBBEF199B}.Debug|Any CPU.ActiveCfg = Debug|Any CPU
		{733B4640-C994-4FA9-9670-27EBBBEF199B}.Debug|Any CPU.Build.0 = Debug|Any CPU
		{733B4640-C994-4FA9-9670-27EBBBEF199B}.Release|Any CPU.ActiveCfg = Release|Any CPU
		{733B4640-C994-4FA9-9670-27EBBBEF199B}.Release|Any CPU.Build.0 = Release|Any CPU
	EndGlobalSection
	GlobalSection(SolutionProperties) = preSolution
		HideSolutionNode = FALSE
	EndGlobalSection
	GlobalSection(NestedProjects) = preSolution
		{733B4640-C994-4FA9-9670-27EBBBEF199B} = {15B0087A-851F-C2C4-C6BF-80123E13B763}
	EndGlobalSection
	GlobalSection(ExtensibilityGlobals) = postSolution
		SolutionGuid = {84E8B799-4897-40E0-A04F-D1802C8F2113}
	EndGlobalSection
EndGlobal
